
Microsoft Visual Studio Solution File, Format Version 12.00
# Visual Studio Version 17
VisualStudioVersion = 17.0.31903.59
MinimumVisualStudioVersion = 10.0.40219.1
Project("{9A19103F-16F7-4668-BE54-9A1E7A4F7556}") = "Patcher", "Patcher\Patcher.csproj", "{A3B9DF8D-1154-4E65-9E4C-57C107103D13}"
EndProject
Project("{FAE04EC0-301F-11D3-BF4B-00C04F79EFBC}") = "de4dot.cui", "de4dot\de4dot.cui\de4dot.cui.csproj", "{19BA029D-3A2F-7AE2-FF60-CB53A4128AAB}"
EndProject
Project("{FAE04EC0-301F-11D3-BF4B-00C04F79EFBC}") = "de4dot.mdecrypt", "de4dot\de4dot.mdecrypt\de4dot.mdecrypt.csproj", "{93934466-7356-D23E-8E3E-9B999B615D59}"
EndProject
Project("{FAE04EC0-301F-11D3-BF4B-00C04F79EFBC}") = "de4dot.code", "de4dot\de4dot.code\de4dot.code.csproj", "{8174A4AE-8CD0-3348-49B5-1011578BE44A}"
EndProject
Project("{FAE04EC0-301F-11D3-BF4B-00C04F79EFBC}") = "de4dot.blocks", "de4dot\de4dot.blocks\de4dot.blocks.csproj", "{1C35E519-D874-82B8-8466-0D250F77AAD9}"
EndProject
Project("{FAE04EC0-301F-11D3-BF4B-00C04F79EFBC}") = "AssemblyData", "de4dot\AssemblyData\AssemblyData.csproj", "{3D38D252-A9BE-5479-5687-E0753E881034}"
EndProject
Global
	GlobalSection(SolutionConfigurationPlatforms) = preSolution
		Debug|Any CPU = Debug|Any CPU
		Debug|x64 = Debug|x64
		Debug|x86 = Debug|x86
		Release|Any CPU = Release|Any CPU
		Release|x64 = Release|x64
		Release|x86 = Release|x86
	EndGlobalSection
	GlobalSection(ProjectConfigurationPlatforms) = postSolution
		{A3B9DF8D-1154-4E65-9E4C-57C107103D13}.Debug|Any CPU.ActiveCfg = Debug|Any CPU
		{A3B9DF8D-1154-4E65-9E4C-57C107103D13}.Debug|Any CPU.Build.0 = Debug|Any CPU
		{A3B9DF8D-1154-4E65-9E4C-57C107103D13}.Debug|x64.ActiveCfg = Debug|x64
		{A3B9DF8D-1154-4E65-9E4C-57C107103D13}.Debug|x64.Build.0 = Debug|x64
		{A3B9DF8D-1154-4E65-9E4C-57C107103D13}.Debug|x86.ActiveCfg = Debug|x86
		{A3B9DF8D-1154-4E65-9E4C-57C107103D13}.Debug|x86.Build.0 = Debug|x86
		{A3B9DF8D-1154-4E65-9E4C-57C107103D13}.Release|Any CPU.ActiveCfg = Release|Any CPU
		{A3B9DF8D-1154-4E65-9E4C-57C107103D13}.Release|Any CPU.Build.0 = Release|Any CPU
		{A3B9DF8D-1154-4E65-9E4C-57C107103D13}.Release|x64.ActiveCfg = Release|x64
		{A3B9DF8D-1154-4E65-9E4C-57C107103D13}.Release|x64.Build.0 = Release|x64
		{A3B9DF8D-1154-4E65-9E4C-57C107103D13}.Release|x86.ActiveCfg = Release|x86
		{A3B9DF8D-1154-4E65-9E4C-57C107103D13}.Release|x86.Build.0 = Release|x86
		{19BA029D-3A2F-7AE2-FF60-CB53A4128AAB}.Debug|Any CPU.ActiveCfg = Debug|Any CPU
		{19BA029D-3A2F-7AE2-FF60-CB53A4128AAB}.Debug|Any CPU.Build.0 = Debug|Any CPU
		{19BA029D-3A2F-7AE2-FF60-CB53A4128AAB}.Debug|x64.ActiveCfg = Debug|Any CPU
		{19BA029D-3A2F-7AE2-FF60-CB53A4128AAB}.Debug|x64.Build.0 = Debug|Any CPU
		{19BA029D-3A2F-7AE2-FF60-CB53A4128AAB}.Debug|x86.ActiveCfg = Debug|Any CPU
		{19BA029D-3A2F-7AE2-FF60-CB53A4128AAB}.Debug|x86.Build.0 = Debug|Any CPU
		{19BA029D-3A2F-7AE2-FF60-CB53A4128AAB}.Release|Any CPU.ActiveCfg = Release|Any CPU
		{19BA029D-3A2F-7AE2-FF60-CB53A4128AAB}.Release|Any CPU.Build.0 = Release|Any CPU
		{19BA029D-3A2F-7AE2-FF60-CB53A4128AAB}.Release|x64.ActiveCfg = Release|Any CPU
		{19BA029D-3A2F-7AE2-FF60-CB53A4128AAB}.Release|x64.Build.0 = Release|Any CPU
		{19BA029D-3A2F-7AE2-FF60-CB53A4128AAB}.Release|x86.ActiveCfg = Release|Any CPU
		{19BA029D-3A2F-7AE2-FF60-CB53A4128AAB}.Release|x86.Build.0 = Release|Any CPU
		{93934466-7356-D23E-8E3E-9B999B615D59}.Debug|Any CPU.ActiveCfg = Debug|Any CPU
		{93934466-7356-D23E-8E3E-9B999B615D59}.Debug|Any CPU.Build.0 = Debug|Any CPU
		{93934466-7356-D23E-8E3E-9B999B615D59}.Debug|x64.ActiveCfg = Debug|Any CPU
		{93934466-7356-D23E-8E3E-9B999B615D59}.Debug|x64.Build.0 = Debug|Any CPU
		{93934466-7356-D23E-8E3E-9B999B615D59}.Debug|x86.ActiveCfg = Debug|Any CPU
		{93934466-7356-D23E-8E3E-9B999B615D59}.Debug|x86.Build.0 = Debug|Any CPU
		{93934466-7356-D23E-8E3E-9B999B615D59}.Release|Any CPU.ActiveCfg = Release|Any CPU
		{93934466-7356-D23E-8E3E-9B999B615D59}.Release|Any CPU.Build.0 = Release|Any CPU
		{93934466-7356-D23E-8E3E-9B999B615D59}.Release|x64.ActiveCfg = Release|Any CPU
		{93934466-7356-D23E-8E3E-9B999B615D59}.Release|x64.Build.0 = Release|Any CPU
		{93934466-7356-D23E-8E3E-9B999B615D59}.Release|x86.ActiveCfg = Release|Any CPU
		{93934466-7356-D23E-8E3E-9B999B615D59}.Release|x86.Build.0 = Release|Any CPU
		{8174A4AE-8CD0-3348-49B5-1011578BE44A}.Debug|Any CPU.ActiveCfg = Debug|Any CPU
		{8174A4AE-8CD0-3348-49B5-1011578BE44A}.Debug|Any CPU.Build.0 = Debug|Any CPU
		{8174A4AE-8CD0-3348-49B5-1011578BE44A}.Debug|x64.ActiveCfg = Debug|Any CPU
		{8174A4AE-8CD0-3348-49B5-1011578BE44A}.Debug|x64.Build.0 = Debug|Any CPU
		{8174A4AE-8CD0-3348-49B5-1011578BE44A}.Debug|x86.ActiveCfg = Debug|Any CPU
		{8174A4AE-8CD0-3348-49B5-1011578BE44A}.Debug|x86.Build.0 = Debug|Any CPU
		{8174A4AE-8CD0-3348-49B5-1011578BE44A}.Release|Any CPU.ActiveCfg = Release|Any CPU
		{8174A4AE-8CD0-3348-49B5-1011578BE44A}.Release|Any CPU.Build.0 = Release|Any CPU
		{8174A4AE-8CD0-3348-49B5-1011578BE44A}.Release|x64.ActiveCfg = Release|Any CPU
		{8174A4AE-8CD0-3348-49B5-1011578BE44A}.Release|x64.Build.0 = Release|Any CPU
		{8174A4AE-8CD0-3348-49B5-1011578BE44A}.Release|x86.ActiveCfg = Release|Any CPU
		{8174A4AE-8CD0-3348-49B5-1011578BE44A}.Release|x86.Build.0 = Release|Any CPU
		{1C35E519-D874-82B8-8466-0D250F77AAD9}.Debug|Any CPU.ActiveCfg = Debug|Any CPU
		{1C35E519-D874-82B8-8466-0D250F77AAD9}.Debug|Any CPU.Build.0 = Debug|Any CPU
		{1C35E519-D874-82B8-8466-0D250F77AAD9}.Debug|x64.ActiveCfg = Debug|Any CPU
		{1C35E519-D874-82B8-8466-0D250F77AAD9}.Debug|x64.Build.0 = Debug|Any CPU
		{1C35E519-D874-82B8-8466-0D250F77AAD9}.Debug|x86.ActiveCfg = Debug|Any CPU
		{1C35E519-D874-82B8-8466-0D250F77AAD9}.Debug|x86.Build.0 = Debug|Any CPU
		{1C35E519-D874-82B8-8466-0D250F77AAD9}.Release|Any CPU.ActiveCfg = Release|Any CPU
		{1C35E519-D874-82B8-8466-0D250F77AAD9}.Release|Any CPU.Build.0 = Release|Any CPU
		{1C35E519-D874-82B8-8466-0D250F77AAD9}.Release|x64.ActiveCfg = Release|Any CPU
		{1C35E519-D874-82B8-8466-0D250F77AAD9}.Release|x64.Build.0 = Release|Any CPU
		{1C35E519-D874-82B8-8466-0D250F77AAD9}.Release|x86.ActiveCfg = Release|Any CPU
		{1C35E519-D874-82B8-8466-0D250F77AAD9}.Release|x86.Build.0 = Release|Any CPU
		{3D38D252-A9BE-5479-5687-E0753E881034}.Debug|Any CPU.ActiveCfg = Debug|Any CPU
		{3D38D252-A9BE-5479-5687-E0753E881034}.Debug|Any CPU.Build.0 = Debug|Any CPU
		{3D38D252-A9BE-5479-5687-E0753E881034}.Debug|x64.ActiveCfg = Debug|Any CPU
		{3D38D252-A9BE-5479-5687-E0753E881034}.Debug|x64.Build.0 = Debug|Any CPU
		{3D38D252-A9BE-5479-5687-E0753E881034}.Debug|x86.ActiveCfg = Debug|Any CPU
		{3D38D252-A9BE-5479-5687-E0753E881034}.Debug|x86.Build.0 = Debug|Any CPU
		{3D38D252-A9BE-5479-5687-E0753E881034}.Release|Any CPU.ActiveCfg = Release|Any CPU
		{3D38D252-A9BE-5479-5687-E0753E881034}.Release|Any CPU.Build.0 = Release|Any CPU
		{3D38D252-A9BE-5479-5687-E0753E881034}.Release|x64.ActiveCfg = Release|Any CPU
		{3D38D252-A9BE-5479-5687-E0753E881034}.Release|x64.Build.0 = Release|Any CPU
		{3D38D252-A9BE-5479-5687-E0753E881034}.Release|x86.ActiveCfg = Release|Any CPU
		{3D38D252-A9BE-5479-5687-E0753E881034}.Release|x86.Build.0 = Release|Any CPU
	EndGlobalSection
	GlobalSection(SolutionProperties) = preSolution
		HideSolutionNode = FALSE
	EndGlobalSection
	GlobalSection(ExtensibilityGlobals) = postSolution
		SolutionGuid = {8742F4F2-5DEA-4586-9405-2B0085BA9EAF}
	EndGlobalSection
EndGlobal
